
Microsoft Visual Studio Solution File, Format Version 12.00
# Visual Studio Version 17
VisualStudioVersion = 17.0.31903.59
MinimumVisualStudioVersion = 10.0.40219.1
Project("{FAE04EC0-301F-11D3-BF4B-00C04F79EFBC}") = "JsonParser", "JsonParser\JsonParser.csproj", "{72FB3365-4CDD-4100-B51D-CF9C2C560819}"
EndProject
Project("{FAE04EC0-301F-11D3-BF4B-00C04F79EFBC}") = "JsonParser.Tests.Unit", "JsonParser.Tests.Unit\JsonParser.Tests.Unit.csproj", "{2F0037B0-41A4-473B-852A-4E51E9852C29}"
EndProject
Project("{FAE04EC0-301F-11D3-BF4B-00C04F79EFBC}") = "JsonParser.ConsoleApp", "JsonParser.ConsoleApp\JsonParser.ConsoleApp.csproj", "{AA7A08C1-6D4B-4E79-85E3-C1A4B74BF4D0}"
EndProject
Global
	GlobalSection(SolutionConfigurationPlatforms) = preSolution
		Debug|Any CPU = Debug|Any CPU
		Release|Any CPU = Release|Any CPU
	EndGlobalSection
	GlobalSection(SolutionProperties) = preSolution
		HideSolutionNode = FALSE
	EndGlobalSection
	GlobalSection(ProjectConfigurationPlatforms) = postSolution
		{72FB3365-4CDD-4100-B51D-CF9C2C560819}.Debug|Any CPU.ActiveCfg = Debug|Any CPU
		{72FB3365-4CDD-4100-B51D-CF9C2C560819}.Debug|Any CPU.Build.0 = Debug|Any CPU
		{72FB3365-4CDD-4100-B51D-CF9C2C560819}.Release|Any CPU.ActiveCfg = Release|Any CPU
		{72FB3365-4CDD-4100-B51D-CF9C2C560819}.Release|Any CPU.Build.0 = Release|Any CPU
		{2F0037B0-41A4-473B-852A-4E51E9852C29}.Debug|Any CPU.ActiveCfg = Debug|Any CPU
		{2F0037B0-41A4-473B-852A-4E51E9852C29}.Debug|Any CPU.Build.0 = Debug|Any CPU
		{2F0037B0-41A4-473B-852A-4E51E9852C29}.Release|Any CPU.ActiveCfg = Release|Any CPU
		{2F0037B0-41A4-473B-852A-4E51E9852C29}.Release|Any CPU.Build.0 = Release|Any CPU
		{AA7A08C1-6D4B-4E79-85E3-C1A4B74BF4D0}.Debug|Any CPU.ActiveCfg = Debug|Any CPU
		{AA7A08C1-6D4B-4E79-85E3-C1A4B74BF4D0}.Debug|Any CPU.Build.0 = Debug|Any CPU
		{AA7A08C1-6D4B-4E79-85E3-C1A4B74BF4D0}.Release|Any CPU.ActiveCfg = Release|Any CPU
		{AA7A08C1-6D4B-4E79-85E3-C1A4B74BF4D0}.Release|Any CPU.Build.0 = Release|Any CPU
	EndGlobalSection
EndGlobal
